
Microsoft Visual Studio Solution File, Format Version 12.00
# Visual Studio Version 16
VisualStudioVersion = 25.0.1700.0
MinimumVisualStudioVersion = 10.0.40219.1
Project("{FAE04EC0-301F-11D3-BF4B-00C04F79EFBC}") = "BulkyBookWeb", "BulkyBookWeb\BulkyBookWeb.csproj", "{AB9D600B-A31A-4AF0-B082-43392FA27EAE}"
EndProject
Global
	GlobalSection(SolutionConfigurationPlatforms) = preSolution
		Debug|Any CPU = Debug|Any CPU
		Release|Any CPU = Release|Any CPU
	EndGlobalSection
	GlobalSection(ProjectConfigurationPlatforms) = postSolution
		{AB9D600B-A31A-4AF0-B082-43392FA27EAE}.Debug|Any CPU.ActiveCfg = Debug|Any CPU
		{AB9D600B-A31A-4AF0-B082-43392FA27EAE}.Debug|Any CPU.Build.0 = Debug|Any CPU
		{AB9D600B-A31A-4AF0-B082-43392FA27EAE}.Release|Any CPU.ActiveCfg = Release|Any CPU
		{AB9D600B-A31A-4AF0-B082-43392FA27EAE}.Release|Any CPU.Build.0 = Release|Any CPU
	EndGlobalSection
	GlobalSection(SolutionProperties) = preSolution
		HideSolutionNode = FALSE
	EndGlobalSection
	GlobalSection(ExtensibilityGlobals) = postSolution
		SolutionGuid = {48AB7AFA-33FC-4705-B465-C9432FE45A53}
	EndGlobalSection
EndGlobal
